// !$*UTF8*$!
{
	archiveVersion = 1;
	classes = {
	};
	objectVersion = 50;
	objects = {

/* Begin PBXBuildFile section */
		1302F5F68B5ED154B57218AA /* Pods_Fast_Chat.framework in Frameworks */ = {isa = PBXBuildFile; fileRef = 95AC34FE999FD0B087668EB8 /* Pods_Fast_Chat.framework */; };
		6135873320C3513400EF712B /* AppDelegate.swift in Sources */ = {isa = PBXBuildFile; fileRef = 6135873220C3513400EF712B /* AppDelegate.swift */; };
		6135873820C3513400EF712B /* Main.storyboard in Resources */ = {isa = PBXBuildFile; fileRef = 6135873620C3513400EF712B /* Main.storyboard */; };
		6135873A20C3513600EF712B /* Assets.xcassets in Resources */ = {isa = PBXBuildFile; fileRef = 6135873920C3513600EF712B /* Assets.xcassets */; };
		6135873D20C3513600EF712B /* LaunchScreen.storyboard in Resources */ = {isa = PBXBuildFile; fileRef = 6135873B20C3513600EF712B /* LaunchScreen.storyboard */; };
		6135874920C352CF00EF712B /* GoogleService-Info.plist in Resources */ = {isa = PBXBuildFile; fileRef = 6135874820C352CE00EF712B /* GoogleService-Info.plist */; };
		6135874C20C3542D00EF712B /* LoginViewController.swift in Sources */ = {isa = PBXBuildFile; fileRef = 6135874B20C3542C00EF712B /* LoginViewController.swift */; };
		6135874E20C3544000EF712B /* RegisterViewController.swift in Sources */ = {isa = PBXBuildFile; fileRef = 6135874D20C3544000EF712B /* RegisterViewController.swift */; };
		6135875020C3544A00EF712B /* ChatViewController.swift in Sources */ = {isa = PBXBuildFile; fileRef = 6135874F20C3544A00EF712B /* ChatViewController.swift */; };
		6135875320C3581400EF712B /* FirebaseServices.swift in Sources */ = {isa = PBXBuildFile; fileRef = 6135875220C3581400EF712B /* FirebaseServices.swift */; };
		6135875620C3582F00EF712B /* Alerts.swift in Sources */ = {isa = PBXBuildFile; fileRef = 6135875520C3582F00EF712B /* Alerts.swift */; };
		6135875820C358CE00EF712B /* Validators.swift in Sources */ = {isa = PBXBuildFile; fileRef = 6135875720C358CE00EF712B /* Validators.swift */; };
		61BAB40A20C473F5009A2400 /* MessageCell.swift in Sources */ = {isa = PBXBuildFile; fileRef = 61BAB40920C473F5009A2400 /* MessageCell.swift */; };
/* End PBXBuildFile section */

/* Begin PBXFileReference section */
		6135872F20C3513400EF712B /* Fast Chat.app */ = {isa = PBXFileReference; explicitFileType = wrapper.application; includeInIndex = 0; path = "Fast Chat.app"; sourceTree = BUILT_PRODUCTS_DIR; };
		6135873220C3513400EF712B /* AppDelegate.swift */ = {isa = PBXFileReference; lastKnownFileType = sourcecode.swift; path = AppDelegate.swift; sourceTree = "<group>"; };
		6135873720C3513400EF712B /* Base */ = {isa = PBXFileReference; lastKnownFileType = file.storyboard; name = Base; path = Base.lproj/Main.storyboard; sourceTree = "<group>"; };
		6135873920C3513600EF712B /* Assets.xcassets */ = {isa = PBXFileReference; lastKnownFileType = folder.assetcatalog; path = Assets.xcassets; sourceTree = "<group>"; };
		6135873C20C3513600EF712B /* Base */ = {isa = PBXFileReference; lastKnownFileType = file.storyboard; name = Base; path = Base.lproj/LaunchScreen.storyboard; sourceTree = "<group>"; };
		6135873E20C3513600EF712B /* Info.plist */ = {isa = PBXFileReference; lastKnownFileType = text.plist.xml; path = Info.plist; sourceTree = "<group>"; };
		6135874820C352CE00EF712B /* GoogleService-Info.plist */ = {isa = PBXFileReference; fileEncoding = 4; lastKnownFileType = text.plist.xml; path = "GoogleService-Info.plist"; sourceTree = "<group>"; };
		6135874B20C3542C00EF712B /* LoginViewController.swift */ = {isa = PBXFileReference; lastKnownFileType = sourcecode.swift; path = LoginViewController.swift; sourceTree = "<group>"; };
		6135874D20C3544000EF712B /* RegisterViewController.swift */ = {isa = PBXFileReference; lastKnownFileType = sourcecode.swift; path = RegisterViewController.swift; sourceTree = "<group>"; };
		6135874F20C3544A00EF712B /* ChatViewController.swift */ = {isa = PBXFileReference; lastKnownFileType = sourcecode.swift; path = ChatViewController.swift; sourceTree = "<group>"; };
		6135875220C3581400EF712B /* FirebaseServices.swift */ = {isa = PBXFileReference; lastKnownFileType = sourcecode.swift; path = FirebaseServices.swift; sourceTree = "<group>"; };
		6135875520C3582F00EF712B /* Alerts.swift */ = {isa = PBXFileReference; lastKnownFileType = sourcecode.swift; path = Alerts.swift; sourceTree = "<group>"; };
		6135875720C358CE00EF712B /* Validators.swift */ = {isa = PBXFileReference; lastKnownFileType = sourcecode.swift; path = Validators.swift; sourceTree = "<group>"; };
		61BAB40920C473F5009A2400 /* MessageCell.swift */ = {isa = PBXFileReference; lastKnownFileType = sourcecode.swift; path = MessageCell.swift; sourceTree = "<group>"; };
		95AC34FE999FD0B087668EB8 /* Pods_Fast_Chat.framework */ = {isa = PBXFileReference; explicitFileType = wrapper.framework; includeInIndex = 0; path = Pods_Fast_Chat.framework; sourceTree = BUILT_PRODUCTS_DIR; };
		964E3249FD0BE40287D76D5D /* Pods-Fast Chat.debug.xcconfig */ = {isa = PBXFileReference; includeInIndex = 1; lastKnownFileType = text.xcconfig; name = "Pods-Fast Chat.debug.xcconfig"; path = "Pods/Target Support Files/Pods-Fast Chat/Pods-Fast Chat.debug.xcconfig"; sourceTree = "<group>"; };
		D8748B84F93A3235FBC04249 /* Pods-Fast Chat.release.xcconfig */ = {isa = PBXFileReference; includeInIndex = 1; lastKnownFileType = text.xcconfig; name = "Pods-Fast Chat.release.xcconfig"; path = "Pods/Target Support Files/Pods-Fast Chat/Pods-Fast Chat.release.xcconfig"; sourceTree = "<group>"; };
/* End PBXFileReference section */

/* Begin PBXFrameworksBuildPhase section */
		6135872C20C3513400EF712B /* Frameworks */ = {
			isa = PBXFrameworksBuildPhase;
			buildActionMask = 2147483647;
			files = (
				1302F5F68B5ED154B57218AA /* Pods_Fast_Chat.framework in Frameworks */,
			);
			runOnlyForDeploymentPostprocessing = 0;
		};
/* End PBXFrameworksBuildPhase section */

/* Begin PBXGroup section */
		0BCA1FE874AF76BF01EA0C1B /* Frameworks */ = {
			isa = PBXGroup;
			children = (
				95AC34FE999FD0B087668EB8 /* Pods_Fast_Chat.framework */,
			);
			name = Frameworks;
			sourceTree = "<group>";
		};
		5B189DCFA317CC16BD5FA285 /* Pods */ = {
			isa = PBXGroup;
			children = (
				964E3249FD0BE40287D76D5D /* Pods-Fast Chat.debug.xcconfig */,
				D8748B84F93A3235FBC04249 /* Pods-Fast Chat.release.xcconfig */,
			);
			name = Pods;
			sourceTree = "<group>";
		};
		6135872620C3513400EF712B = {
			isa = PBXGroup;
			children = (
				6135873120C3513400EF712B /* Fast Chat */,
				6135873020C3513400EF712B /* Products */,
				5B189DCFA317CC16BD5FA285 /* Pods */,
				0BCA1FE874AF76BF01EA0C1B /* Frameworks */,
			);
			sourceTree = "<group>";
		};
		6135873020C3513400EF712B /* Products */ = {
			isa = PBXGroup;
			children = (
				6135872F20C3513400EF712B /* Fast Chat.app */,
			);
			name = Products;
			sourceTree = "<group>";
		};
		6135873120C3513400EF712B /* Fast Chat */ = {
			isa = PBXGroup;
			children = (
				6135875420C3582500EF712B /* Helpers */,
				6135875120C357F400EF712B /* Services */,
				6135874A20C3540C00EF712B /* Controllers */,
				6135874720C352B600EF712B /* Resources */,
				6135873220C3513400EF712B /* AppDelegate.swift */,
			);
			path = "Fast Chat";
			sourceTree = "<group>";
		};
		6135874720C352B600EF712B /* Resources */ = {
			isa = PBXGroup;
			children = (
				6135873620C3513400EF712B /* Main.storyboard */,
				6135873920C3513600EF712B /* Assets.xcassets */,
				6135873B20C3513600EF712B /* LaunchScreen.storyboard */,
				6135873E20C3513600EF712B /* Info.plist */,
				6135874820C352CE00EF712B /* GoogleService-Info.plist */,
			);
			path = Resources;
			sourceTree = "<group>";
		};
		6135874A20C3540C00EF712B /* Controllers */ = {
			isa = PBXGroup;
			children = (
				61BAB40820C473CA009A2400 /* CustomCell */,
				6135874B20C3542C00EF712B /* LoginViewController.swift */,
				6135874D20C3544000EF712B /* RegisterViewController.swift */,
				6135874F20C3544A00EF712B /* ChatViewController.swift */,
			);
			path = Controllers;
			sourceTree = "<group>";
		};
		6135875120C357F400EF712B /* Services */ = {
			isa = PBXGroup;
			children = (
				6135875220C3581400EF712B /* FirebaseServices.swift */,
			);
			path = Services;
			sourceTree = "<group>";
		};
		6135875420C3582500EF712B /* Helpers */ = {
			isa = PBXGroup;
			children = (
				6135875520C3582F00EF712B /* Alerts.swift */,
				6135875720C358CE00EF712B /* Validators.swift */,
			);
			path = Helpers;
			sourceTree = "<group>";
		};
		61BAB40820C473CA009A2400 /* CustomCell */ = {
			isa = PBXGroup;
			children = (
				61BAB40920C473F5009A2400 /* MessageCell.swift */,
			);
			path = CustomCell;
			sourceTree = "<group>";
		};
/* End PBXGroup section */

/* Begin PBXNativeTarget section */
		6135872E20C3513400EF712B /* Fast Chat */ = {
			isa = PBXNativeTarget;
			buildConfigurationList = 6135874120C3513600EF712B /* Build configuration list for PBXNativeTarget "Fast Chat" */;
			buildPhases = (
				A795EEBDCEC1189BD060CC07 /* [CP] Check Pods Manifest.lock */,
				6135872B20C3513400EF712B /* Sources */,
				6135872C20C3513400EF712B /* Frameworks */,
				6135872D20C3513400EF712B /* Resources */,
				4717B6A174C0EF76EED6A29D /* [CP] Embed Pods Frameworks */,
			);
			buildRules = (
			);
			dependencies = (
			);
			name = "Fast Chat";
			productName = "Fast Chat";
			productReference = 6135872F20C3513400EF712B /* Fast Chat.app */;
			productType = "com.apple.product-type.application";
		};
/* End PBXNativeTarget section */

/* Begin PBXProject section */
		6135872720C3513400EF712B /* Project object */ = {
			isa = PBXProject;
			attributes = {
				LastSwiftUpdateCheck = 0930;
				LastUpgradeCheck = 0930;
				ORGANIZATIONNAME = "Rosemberg Torres Nunes";
				TargetAttributes = {
					6135872E20C3513400EF712B = {
						CreatedOnToolsVersion = 9.3;
					};
				};
			};
			buildConfigurationList = 6135872A20C3513400EF712B /* Build configuration list for PBXProject "Fast Chat" */;
			compatibilityVersion = "Xcode 9.3";
			developmentRegion = en;
			hasScannedForEncodings = 0;
			knownRegions = (
				en,
				Base,
			);
			mainGroup = 6135872620C3513400EF712B;
			productRefGroup = 6135873020C3513400EF712B /* Products */;
			projectDirPath = "";
			projectRoot = "";
			targets = (
				6135872E20C3513400EF712B /* Fast Chat */,
			);
		};
/* End PBXProject section */

/* Begin PBXResourcesBuildPhase section */
		6135872D20C3513400EF712B /* Resources */ = {
			isa = PBXResourcesBuildPhase;
			buildActionMask = 2147483647;
			files = (
				6135873D20C3513600EF712B /* LaunchScreen.storyboard in Resources */,
				6135874920C352CF00EF712B /* GoogleService-Info.plist in Resources */,
				6135873A20C3513600EF712B /* Assets.xcassets in Resources */,
				6135873820C3513400EF712B /* Main.storyboard in Resources */,
			);
			runOnlyForDeploymentPostprocessing = 0;
		};
/* End PBXResourcesBuildPhase section */

/* Begin PBXShellScriptBuildPhase section */
		4717B6A174C0EF76EED6A29D /* [CP] Embed Pods Frameworks */ = {
			isa = PBXShellScriptBuildPhase;
			buildActionMask = 2147483647;
			files = (
			);
			inputPaths = (
				"${SRCROOT}/Pods/Target Support Files/Pods-Fast Chat/Pods-Fast Chat-frameworks.sh",
				"${BUILT_PRODUCTS_DIR}/GTMSessionFetcher/GTMSessionFetcher.framework",
				"${BUILT_PRODUCTS_DIR}/GoogleToolboxForMac/GoogleToolboxForMac.framework",
				"${BUILT_PRODUCTS_DIR}/leveldb-library/leveldb.framework",
				"${BUILT_PRODUCTS_DIR}/nanopb/nanopb.framework",
			);
			name = "[CP] Embed Pods Frameworks";
			outputPaths = (
				"${TARGET_BUILD_DIR}/${FRAMEWORKS_FOLDER_PATH}/GTMSessionFetcher.framework",
				"${TARGET_BUILD_DIR}/${FRAMEWORKS_FOLDER_PATH}/GoogleToolboxForMac.framework",
				"${TARGET_BUILD_DIR}/${FRAMEWORKS_FOLDER_PATH}/leveldb.framework",
				"${TARGET_BUILD_DIR}/${FRAMEWORKS_FOLDER_PATH}/nanopb.framework",
			);
			runOnlyForDeploymentPostprocessing = 0;
			shellPath = /bin/sh;
			shellScript = "\"${SRCROOT}/Pods/Target Support Files/Pods-Fast Chat/Pods-Fast Chat-frameworks.sh\"\n";
			showEnvVarsInLog = 0;
		};
		A795EEBDCEC1189BD060CC07 /* [CP] Check Pods Manifest.lock */ = {
			isa = PBXShellScriptBuildPhase;
			buildActionMask = 2147483647;
			files = (
			);
			inputPaths = (
				"${PODS_PODFILE_DIR_PATH}/Podfile.lock",
				"${PODS_ROOT}/Manifest.lock",
			);
			name = "[CP] Check Pods Manifest.lock";
			outputPaths = (
				"$(DERIVED_FILE_DIR)/Pods-Fast Chat-checkManifestLockResult.txt",
			);
			runOnlyForDeploymentPostprocessing = 0;
			shellPath = /bin/sh;
			shellScript = "diff \"${PODS_PODFILE_DIR_PATH}/Podfile.lock\" \"${PODS_ROOT}/Manifest.lock\" > /dev/null\nif [ $? != 0 ] ; then\n    # print error to STDERR\n    echo \"error: The sandbox is not in sync with the Podfile.lock. Run 'pod install' or update your CocoaPods installation.\" >&2\n    exit 1\nfi\n# This output is used by Xcode 'outputs' to avoid re-running this script phase.\necho \"SUCCESS\" > \"${SCRIPT_OUTPUT_FILE_0}\"\n";
			showEnvVarsInLog = 0;
		};
/* End PBXShellScriptBuildPhase section */

/* Begin PBXSourcesBuildPhase section */
		6135872B20C3513400EF712B /* Sources */ = {
			isa = PBXSourcesBuildPhase;
			buildActionMask = 2147483647;
			files = (
				6135875320C3581400EF712B /* FirebaseServices.swift in Sources */,
				61BAB40A20C473F5009A2400 /* MessageCell.swift in Sources */,
				6135875820C358CE00EF712B /* Validators.swift in Sources */,
				6135874E20C3544000EF712B /* RegisterViewController.swift in Sources */,
				6135874C20C3542D00EF712B /* LoginViewController.swift in Sources */,
				6135875020C3544A00EF712B /* ChatViewController.swift in Sources */,
				6135875620C3582F00EF712B /* Alerts.swift in Sources */,
				6135873320C3513400EF712B /* AppDelegate.swift in Sources */,
			);
			runOnlyForDeploymentPostprocessing = 0;
		};
/* End PBXSourcesBuildPhase section */

/* Begin PBXVariantGroup section */
		6135873620C3513400EF712B /* Main.storyboard */ = {
			isa = PBXVariantGroup;
			children = (
				6135873720C3513400EF712B /* Base */,
			);
			name = Main.storyboard;
			sourceTree = "<group>";
		};
		6135873B20C3513600EF712B /* LaunchScreen.storyboard */ = {
			isa = PBXVariantGroup;
			children = (
				6135873C20C3513600EF712B /* Base */,
			);
			name = LaunchScreen.storyboard;
			sourceTree = "<group>";
		};
/* End PBXVariantGroup section */

/* Begin XCBuildConfiguration section */
		6135873F20C3513600EF712B /* Debug */ = {
			isa = XCBuildConfiguration;
			buildSettings = {
				ALWAYS_SEARCH_USER_PATHS = NO;
				CLANG_ANALYZER_NONNULL = YES;
				CLANG_ANALYZER_NUMBER_OBJECT_CONVERSION = YES_AGGRESSIVE;
				CLANG_CXX_LANGUAGE_STANDARD = "gnu++14";
				CLANG_CXX_LIBRARY = "libc++";
				CLANG_ENABLE_MODULES = YES;
				CLANG_ENABLE_OBJC_ARC = YES;
				CLANG_ENABLE_OBJC_WEAK = YES;
				CLANG_WARN_BLOCK_CAPTURE_AUTORELEASING = YES;
				CLANG_WARN_BOOL_CONVERSION = YES;
				CLANG_WARN_COMMA = YES;
				CLANG_WARN_CONSTANT_CONVERSION = YES;
				CLANG_WARN_DEPRECATED_OBJC_IMPLEMENTATIONS = YES;
				CLANG_WARN_DIRECT_OBJC_ISA_USAGE = YES_ERROR;
				CLANG_WARN_DOCUMENTATION_COMMENTS = YES;
				CLANG_WARN_EMPTY_BODY = YES;
				CLANG_WARN_ENUM_CONVERSION = YES;
				CLANG_WARN_INFINITE_RECURSION = YES;
				CLANG_WARN_INT_CONVERSION = YES;
				CLANG_WARN_NON_LITERAL_NULL_CONVERSION = YES;
				CLANG_WARN_OBJC_IMPLICIT_RETAIN_SELF = YES;
				CLANG_WARN_OBJC_LITERAL_CONVERSION = YES;
				CLANG_WARN_OBJC_ROOT_CLASS = YES_ERROR;
				CLANG_WARN_RANGE_LOOP_ANALYSIS = YES;
				CLANG_WARN_STRICT_PROTOTYPES = YES;
				CLANG_WARN_SUSPICIOUS_MOVE = YES;
				CLANG_WARN_UNGUARDED_AVAILABILITY = YES_AGGRESSIVE;
				CLANG_WARN_UNREACHABLE_CODE = YES;
				CLANG_WARN__DUPLICATE_METHOD_MATCH = YES;
				CODE_SIGN_IDENTITY = "iPhone Developer";
				COPY_PHASE_STRIP = NO;
				DEBUG_INFORMATION_FORMAT = dwarf;
				ENABLE_STRICT_OBJC_MSGSEND = YES;
				ENABLE_TESTABILITY = YES;
				GCC_C_LANGUAGE_STANDARD = gnu11;
				GCC_DYNAMIC_NO_PIC = NO;
				GCC_NO_COMMON_BLOCKS = YES;
				GCC_OPTIMIZATION_LEVEL = 0;
				GCC_PREPROCESSOR_DEFINITIONS = (
					"DEBUG=1",
					"$(inherited)",
				);
				GCC_WARN_64_TO_32_BIT_CONVERSION = YES;
				GCC_WARN_ABOUT_RETURN_TYPE = YES_ERROR;
				GCC_WARN_UNDECLARED_SELECTOR = YES;
				GCC_WARN_UNINITIALIZED_AUTOS = YES_AGGRESSIVE;
				GCC_WARN_UNUSED_FUNCTION = YES;
				GCC_WARN_UNUSED_VARIABLE = YES;
				IPHONEOS_DEPLOYMENT_TARGET = 11.3;
				MTL_ENABLE_DEBUG_INFO = YES;
				ONLY_ACTIVE_ARCH = YES;
				SDKROOT = iphoneos;
				SWIFT_ACTIVE_COMPILATION_CONDITIONS = DEBUG;
				SWIFT_OPTIMIZATION_LEVEL = "-Onone";
			};
			name = Debug;
		};
		6135874020C3513600EF712B /* Release */ = {
			isa = XCBuildConfiguration;
			buildSettings = {
				ALWAYS_SEARCH_USER_PATHS = NO;
				CLANG_ANALYZER_NONNULL = YES;
				CLANG_ANALYZER_NUMBER_OBJECT_CONVERSION = YES_AGGRESSIVE;
				CLANG_CXX_LANGUAGE_STANDARD = "gnu++14";
				CLANG_CXX_LIBRARY = "libc++";
				CLANG_ENABLE_MODULES = YES;
				CLANG_ENABLE_OBJC_ARC = YES;
				CLANG_ENABLE_OBJC_WEAK = YES;
				CLANG_WARN_BLOCK_CAPTURE_AUTORELEASING = YES;
				CLANG_WARN_BOOL_CONVERSION = YES;
				CLANG_WARN_COMMA = YES;
				CLANG_WARN_CONSTANT_CONVERSION = YES;
				CLANG_WARN_DEPRECATED_OBJC_IMPLEMENTATIONS = YES;
				CLANG_WARN_DIRECT_OBJC_ISA_USAGE = YES_ERROR;
				CLANG_WARN_DOCUMENTATION_COMMENTS = YES;
				CLANG_WARN_EMPTY_BODY = YES;
				CLANG_WARN_ENUM_CONVERSION = YES;
				CLANG_WARN_INFINITE_RECURSION = YES;
				CLANG_WARN_INT_CONVERSION = YES;
				CLANG_WARN_NON_LITERAL_NULL_CONVERSION = YES;
				CLANG_WARN_OBJC_IMPLICIT_RETAIN_SELF = YES;
				CLANG_WARN_OBJC_LITERAL_CONVERSION = YES;
				CLANG_WARN_OBJC_ROOT_CLASS = YES_ERROR;
				CLANG_WARN_RANGE_LOOP_ANALYSIS = YES;
				CLANG_WARN_STRICT_PROTOTYPES = YES;
				CLANG_WARN_SUSPICIOUS_MOVE = YES;
				CLANG_WARN_UNGUARDED_AVAILABILITY = YES_AGGRESSIVE;
				CLANG_WARN_UNREACHABLE_CODE = YES;
				CLANG_WARN__DUPLICATE_METHOD_MATCH = YES;
				CODE_SIGN_IDENTITY = "iPhone Developer";
				COPY_PHASE_STRIP = NO;
				DEBUG_INFORMATION_FORMAT = "dwarf-with-dsym";
				ENABLE_NS_ASSERTIONS = NO;
				ENABLE_STRICT_OBJC_MSGSEND = YES;
				GCC_C_LANGUAGE_STANDARD = gnu11;
				GCC_NO_COMMON_BLOCKS = YES;
				GCC_WARN_64_TO_32_BIT_CONVERSION = YES;
				GCC_WARN_ABOUT_RETURN_TYPE = YES_ERROR;
				GCC_WARN_UNDECLARED_SELECTOR = YES;
				GCC_WARN_UNINITIALIZED_AUTOS = YES_AGGRESSIVE;
				GCC_WARN_UNUSED_FUNCTION = YES;
				GCC_WARN_UNUSED_VARIABLE = YES;
				IPHONEOS_DEPLOYMENT_TARGET = 11.3;
				MTL_ENABLE_DEBUG_INFO = NO;
				SDKROOT = iphoneos;
				SWIFT_COMPILATION_MODE = wholemodule;
				SWIFT_OPTIMIZATION_LEVEL = "-O";
				VALIDATE_PRODUCT = YES;
			};
			name = Release;
		};
		6135874220C3513600EF712B /* Debug */ = {
			isa = XCBuildConfiguration;
			baseConfigurationReference = 964E3249FD0BE40287D76D5D /* Pods-Fast Chat.debug.xcconfig */;
			buildSettings = {
				ASSETCATALOG_COMPILER_APPICON_NAME = AppIcon;
				CODE_SIGN_STYLE = Automatic;
				DEVELOPMENT_TEAM = WW725PKJLA;
				INFOPLIST_FILE = "$(SRCROOT)/Fast Chat/Resources/Info.plist";
				LD_RUNPATH_SEARCH_PATHS = (
					"$(inherited)",
					"@executable_path/Frameworks",
				);
				PRODUCT_BUNDLE_IDENTIFIER = "br.com.rtn.Fast-Chat";
				PRODUCT_NAME = "$(TARGET_NAME)";
				SWIFT_VERSION = 4.0;
				TARGETED_DEVICE_FAMILY = "1,2";
			};
			name = Debug;
		};
		6135874320C3513600EF712B /* Release */ = {
			isa = XCBuildConfiguration;
			baseConfigurationReference = D8748B84F93A3235FBC04249 /* Pods-Fast Chat.release.xcconfig */;
			buildSettings = {
				ASSETCATALOG_COMPILER_APPICON_NAME = AppIcon;
				CODE_SIGN_STYLE = Automatic;
				DEVELOPMENT_TEAM = WW725PKJLA;
				INFOPLIST_FILE = "$(SRCROOT)/Fast Chat/Resources/Info.plist";
				LD_RUNPATH_SEARCH_PATHS = (
					"$(inherited)",
					"@executable_path/Frameworks",
				);
				PRODUCT_BUNDLE_IDENTIFIER = "br.com.rtn.Fast-Chat";
				PRODUCT_NAME = "$(TARGET_NAME)";
				SWIFT_VERSION = 4.0;
				TARGETED_DEVICE_FAMILY = "1,2";
			};
			name = Release;
		};
/* End XCBuildConfiguration section */

/* Begin XCConfigurationList section */
		6135872A20C3513400EF712B /* Build configuration list for PBXProject "Fast Chat" */ = {
			isa = XCConfigurationList;
			buildConfigurations = (
				6135873F20C3513600EF712B /* Debug */,
				6135874020C3513600EF712B /* Release */,
			);
			defaultConfigurationIsVisible = 0;
			defaultConfigurationName = Release;
		};
		6135874120C3513600EF712B /* Build configuration list for PBXNativeTarget "Fast Chat" */ = {
			isa = XCConfigurationList;
			buildConfigurations = (
				6135874220C3513600EF712B /* Debug */,
				6135874320C3513600EF712B /* Release */,
			);
			defaultConfigurationIsVisible = 0;
			defaultConfigurationName = Release;
		};
/* End XCConfigurationList section */
	};
	rootObject = 6135872720C3513400EF712B /* Project object */;
}
